// !$*UTF8*$!
{
	archiveVersion = 1;
	classes = {
	};
	objectVersion = 71;
	objects = {

/* Begin PBXBuildFile section */
		3522886D2E8146E1002B9466 /* GameView in Frameworks */ = {isa = PBXBuildFile; productRef = 3522886C2E8146E1002B9466 /* GameView */; };
		353112092E7A90BB0043F263 /* DatabaseCore in Frameworks */ = {isa = PBXBuildFile; productRef = 353112082E7A90BB0043F263 /* DatabaseCore */; };
		353725ED2D83FDF2008590F6 /* Highlight in Frameworks */ = {isa = PBXBuildFile; productRef = 353725EC2D83FDF2008590F6 /* Highlight */; };
		3558A3AC2DFBECDB0038DFC3 /* rAthenaResources in Frameworks */ = {isa = PBXBuildFile; productRef = 3558A3AB2DFBECDB0038DFC3 /* rAthenaResources */; };
		3558A3B22DFC22EA0038DFC3 /* rAthenaChar in Frameworks */ = {isa = PBXBuildFile; productRef = 3558A3B12DFC22EA0038DFC3 /* rAthenaChar */; };
		3558A3B32DFC22EA0038DFC3 /* rAthenaChar in Embed Frameworks */ = {isa = PBXBuildFile; productRef = 3558A3B12DFC22EA0038DFC3 /* rAthenaChar */; settings = {ATTRIBUTES = (CodeSignOnCopy, ); }; };
		3558A3B52DFC22EA0038DFC3 /* rAthenaLogin in Frameworks */ = {isa = PBXBuildFile; productRef = 3558A3B42DFC22EA0038DFC3 /* rAthenaLogin */; };
		3558A3B62DFC22EA0038DFC3 /* rAthenaLogin in Embed Frameworks */ = {isa = PBXBuildFile; productRef = 3558A3B42DFC22EA0038DFC3 /* rAthenaLogin */; settings = {ATTRIBUTES = (CodeSignOnCopy, ); }; };
		3558A3B82DFC22EA0038DFC3 /* rAthenaMap in Frameworks */ = {isa = PBXBuildFile; productRef = 3558A3B72DFC22EA0038DFC3 /* rAthenaMap */; };
		3558A3B92DFC22EA0038DFC3 /* rAthenaMap in Embed Frameworks */ = {isa = PBXBuildFile; productRef = 3558A3B72DFC22EA0038DFC3 /* rAthenaMap */; settings = {ATTRIBUTES = (CodeSignOnCopy, ); }; };
		3558A3BB2DFC22EA0038DFC3 /* rAthenaWeb in Frameworks */ = {isa = PBXBuildFile; productRef = 3558A3BA2DFC22EA0038DFC3 /* rAthenaWeb */; };
		3558A3BC2DFC22EA0038DFC3 /* rAthenaWeb in Embed Frameworks */ = {isa = PBXBuildFile; productRef = 3558A3BA2DFC22EA0038DFC3 /* rAthenaWeb */; settings = {ATTRIBUTES = (CodeSignOnCopy, ); }; };
		3558A3D12DFC28410038DFC3 /* rAthenaChar in Frameworks */ = {isa = PBXBuildFile; productRef = 3558A3D02DFC28410038DFC3 /* rAthenaChar */; };
		3558A3D22DFC28410038DFC3 /* rAthenaChar in Embed Frameworks */ = {isa = PBXBuildFile; productRef = 3558A3D02DFC28410038DFC3 /* rAthenaChar */; settings = {ATTRIBUTES = (CodeSignOnCopy, ); }; };
		3558A3D42DFC28410038DFC3 /* rAthenaLogin in Frameworks */ = {isa = PBXBuildFile; productRef = 3558A3D32DFC28410038DFC3 /* rAthenaLogin */; };
		3558A3D52DFC28410038DFC3 /* rAthenaLogin in Embed Frameworks */ = {isa = PBXBuildFile; productRef = 3558A3D32DFC28410038DFC3 /* rAthenaLogin */; settings = {ATTRIBUTES = (CodeSignOnCopy, ); }; };
		3558A3D72DFC28410038DFC3 /* rAthenaMap in Frameworks */ = {isa = PBXBuildFile; productRef = 3558A3D62DFC28410038DFC3 /* rAthenaMap */; };
		3558A3D82DFC28410038DFC3 /* rAthenaMap in Embed Frameworks */ = {isa = PBXBuildFile; productRef = 3558A3D62DFC28410038DFC3 /* rAthenaMap */; settings = {ATTRIBUTES = (CodeSignOnCopy, ); }; };
		3558A3DA2DFC28410038DFC3 /* rAthenaResources in Frameworks */ = {isa = PBXBuildFile; productRef = 3558A3D92DFC28410038DFC3 /* rAthenaResources */; };
		3558A3DC2DFC28410038DFC3 /* rAthenaWeb in Frameworks */ = {isa = PBXBuildFile; productRef = 3558A3DB2DFC28410038DFC3 /* rAthenaWeb */; };
		3558A3DD2DFC28410038DFC3 /* rAthenaWeb in Embed Frameworks */ = {isa = PBXBuildFile; productRef = 3558A3DB2DFC28410038DFC3 /* rAthenaWeb */; settings = {ATTRIBUTES = (CodeSignOnCopy, ); }; };
		3558A3E02DFC288D0038DFC3 /* rAthenaCommon in Frameworks */ = {isa = PBXBuildFile; productRef = 3558A3DF2DFC288D0038DFC3 /* rAthenaCommon */; };
		3558A3E22DFC28960038DFC3 /* rAthenaCommon in Frameworks */ = {isa = PBXBuildFile; productRef = 3558A3E12DFC28960038DFC3 /* rAthenaCommon */; };
		359152902E7AA0E800BBA7A6 /* GameCore in Frameworks */ = {isa = PBXBuildFile; productRef = 3591528F2E7AA0E800BBA7A6 /* GameCore */; };
		359915452E0EA35500D94655 /* QuickLookThumbnailing.framework in Frameworks */ = {isa = PBXBuildFile; fileRef = 359915442E0EA35500D94655 /* QuickLookThumbnailing.framework */; };
		3599154C2E0EA35500D94655 /* RagnarokOfflineThumbnailExtension.appex in Embed Foundation Extensions */ = {isa = PBXBuildFile; fileRef = 359915432E0EA35500D94655 /* RagnarokOfflineThumbnailExtension.appex */; settings = {ATTRIBUTES = (RemoveHeadersOnCopy, ); }; };
		35EDF07F2E79383F00569C38 /* FileFormats in Frameworks */ = {isa = PBXBuildFile; productRef = 35EDF07E2E79383F00569C38 /* FileFormats */; };
/* End PBXBuildFile section */

/* Begin PBXContainerItemProxy section */
		3558A3C52DFC25AE0038DFC3 /* PBXContainerItemProxy */ = {
			isa = PBXContainerItemProxy;
			containerPortal = 35B3B8CC2A08BEA600B4540B /* Project object */;
			proxyType = 1;
			remoteGlobalIDString = 35B3B8D32A08BEA600B4540B;
			remoteInfo = RagnarokOffline;
		};
		3599154A2E0EA35500D94655 /* PBXContainerItemProxy */ = {
			isa = PBXContainerItemProxy;
			containerPortal = 35B3B8CC2A08BEA600B4540B /* Project object */;
			proxyType = 1;
			remoteGlobalIDString = 359915422E0EA35500D94655;
			remoteInfo = RagnarokOfflineThumbnailExtension;
		};
/* End PBXContainerItemProxy section */

/* Begin PBXCopyFilesBuildPhase section */
		3558A3DE2DFC28410038DFC3 /* Embed Frameworks */ = {
			isa = PBXCopyFilesBuildPhase;
			buildActionMask = 2147483647;
			dstPath = "";
			dstSubfolderSpec = 10;
			files = (
				3558A3D82DFC28410038DFC3 /* rAthenaMap in Embed Frameworks */,
				3558A3D52DFC28410038DFC3 /* rAthenaLogin in Embed Frameworks */,
				3558A3D22DFC28410038DFC3 /* rAthenaChar in Embed Frameworks */,
				3558A3DD2DFC28410038DFC3 /* rAthenaWeb in Embed Frameworks */,
			);
			name = "Embed Frameworks";
			runOnlyForDeploymentPostprocessing = 0;
		};
		3599154D2E0EA35500D94655 /* Embed Foundation Extensions */ = {
			isa = PBXCopyFilesBuildPhase;
			buildActionMask = 2147483647;
			dstPath = "";
			dstSubfolderSpec = 13;
			files = (
				3599154C2E0EA35500D94655 /* RagnarokOfflineThumbnailExtension.appex in Embed Foundation Extensions */,
			);
			name = "Embed Foundation Extensions";
			runOnlyForDeploymentPostprocessing = 0;
		};
		35B3BA442A08C74700B4540B /* Embed Frameworks */ = {
			isa = PBXCopyFilesBuildPhase;
			buildActionMask = 2147483647;
			dstPath = "";
			dstSubfolderSpec = 10;
			files = (
				3558A3B92DFC22EA0038DFC3 /* rAthenaMap in Embed Frameworks */,
				3558A3B62DFC22EA0038DFC3 /* rAthenaLogin in Embed Frameworks */,
				3558A3B32DFC22EA0038DFC3 /* rAthenaChar in Embed Frameworks */,
				3558A3BC2DFC22EA0038DFC3 /* rAthenaWeb in Embed Frameworks */,
			);
			name = "Embed Frameworks";
			runOnlyForDeploymentPostprocessing = 0;
		};
/* End PBXCopyFilesBuildPhase section */

/* Begin PBXFileReference section */
		3558A3C12DFC25AD0038DFC3 /* RagnarokOfflineTests.xctest */ = {isa = PBXFileReference; explicitFileType = wrapper.cfbundle; includeInIndex = 0; path = RagnarokOfflineTests.xctest; sourceTree = BUILT_PRODUCTS_DIR; };
		359915432E0EA35500D94655 /* RagnarokOfflineThumbnailExtension.appex */ = {isa = PBXFileReference; explicitFileType = "wrapper.app-extension"; includeInIndex = 0; path = RagnarokOfflineThumbnailExtension.appex; sourceTree = BUILT_PRODUCTS_DIR; };
		359915442E0EA35500D94655 /* QuickLookThumbnailing.framework */ = {isa = PBXFileReference; lastKnownFileType = wrapper.framework; name = QuickLookThumbnailing.framework; path = System/Library/Frameworks/QuickLookThumbnailing.framework; sourceTree = SDKROOT; };
		35B3B8D42A08BEA600B4540B /* RagnarokOffline.app */ = {isa = PBXFileReference; explicitFileType = wrapper.application; includeInIndex = 0; path = RagnarokOffline.app; sourceTree = BUILT_PRODUCTS_DIR; };
/* End PBXFileReference section */

/* Begin PBXFileSystemSynchronizedBuildFileExceptionSet section */
		35063F492E0E18B4003039B0 /* PBXFileSystemSynchronizedBuildFileExceptionSet */ = {
			isa = PBXFileSystemSynchronizedBuildFileExceptionSet;
			membershipExceptions = (
				Info.plist,
				RagnarokOffline.xctestplan,
			);
			target = 35B3B8D32A08BEA600B4540B /* RagnarokOffline */;
		};
		359915512E0EA35500D94655 /* PBXFileSystemSynchronizedBuildFileExceptionSet */ = {
			isa = PBXFileSystemSynchronizedBuildFileExceptionSet;
			membershipExceptions = (
				Info.plist,
			);
			target = 359915422E0EA35500D94655 /* RagnarokOfflineThumbnailExtension */;
		};
		35DCADA92E77D71000CA1988 /* PBXFileSystemSynchronizedBuildFileExceptionSet */ = {
			isa = PBXFileSystemSynchronizedBuildFileExceptionSet;
			membershipExceptions = (
				BinaryIO,
				Constants,
				DatabaseCore,
				DataCompression,
				FileFormats,
				GameCore,
				GameView,
				GRF,
				ImageRendering,
				MetalRenderers,
				NetworkClient,
				PerformanceMetric,
				ResourceManagement,
				SGLMath,
				SpriteRendering,
				TextEncoding,
				WorldCamera,
				WorldRendering,
			);
			target = 35B3B8D32A08BEA600B4540B /* RagnarokOffline */;
		};
/* End PBXFileSystemSynchronizedBuildFileExceptionSet section */

/* Begin PBXFileSystemSynchronizedRootGroup section */
		35063E9F2E0E18B3003039B0 /* RagnarokOffline */ = {isa = PBXFileSystemSynchronizedRootGroup; exceptions = (35063F492E0E18B4003039B0 /* PBXFileSystemSynchronizedBuildFileExceptionSet */, ); explicitFileTypes = {}; explicitFolders = (); path = RagnarokOffline; sourceTree = "<group>"; };
		3558A3C22DFC25AD0038DFC3 /* RagnarokOfflineTests */ = {isa = PBXFileSystemSynchronizedRootGroup; explicitFileTypes = {}; explicitFolders = (); path = RagnarokOfflineTests; sourceTree = "<group>"; };
		3562C2F12EA9328D007BBA7B /* Configurations */ = {isa = PBXFileSystemSynchronizedRootGroup; explicitFileTypes = {}; explicitFolders = (); path = Configurations; sourceTree = "<group>"; };
		359915462E0EA35500D94655 /* RagnarokOfflineThumbnailExtension */ = {isa = PBXFileSystemSynchronizedRootGroup; exceptions = (359915512E0EA35500D94655 /* PBXFileSystemSynchronizedBuildFileExceptionSet */, ); explicitFileTypes = {}; explicitFolders = (); path = RagnarokOfflineThumbnailExtension; sourceTree = "<group>"; };
		35DCADA82E77D71000CA1988 /* Packages */ = {isa = PBXFileSystemSynchronizedRootGroup; exceptions = (35DCADA92E77D71000CA1988 /* PBXFileSystemSynchronizedBuildFileExceptionSet */, ); explicitFileTypes = {}; explicitFolders = (); path = Packages; sourceTree = "<group>"; };
/* End PBXFileSystemSynchronizedRootGroup section */

/* Begin PBXFrameworksBuildPhase section */
		3558A3BE2DFC25AD0038DFC3 /* Frameworks */ = {
			isa = PBXFrameworksBuildPhase;
			buildActionMask = 2147483647;
			files = (
				3558A3D72DFC28410038DFC3 /* rAthenaMap in Frameworks */,
				3558A3E02DFC288D0038DFC3 /* rAthenaCommon in Frameworks */,
				3558A3D42DFC28410038DFC3 /* rAthenaLogin in Frameworks */,
				3558A3DA2DFC28410038DFC3 /* rAthenaResources in Frameworks */,
				3558A3DC2DFC28410038DFC3 /* rAthenaWeb in Frameworks */,
				3558A3D12DFC28410038DFC3 /* rAthenaChar in Frameworks */,
			);
			runOnlyForDeploymentPostprocessing = 0;
		};
		359915402E0EA35500D94655 /* Frameworks */ = {
			isa = PBXFrameworksBuildPhase;
			buildActionMask = 2147483647;
			files = (
				359915452E0EA35500D94655 /* QuickLookThumbnailing.framework in Frameworks */,
				35EDF07F2E79383F00569C38 /* FileFormats in Frameworks */,
			);
			runOnlyForDeploymentPostprocessing = 0;
		};
		35B3B8D12A08BEA600B4540B /* Frameworks */ = {
			isa = PBXFrameworksBuildPhase;
			buildActionMask = 2147483647;
			files = (
				3558A3B52DFC22EA0038DFC3 /* rAthenaLogin in Frameworks */,
				3558A3E22DFC28960038DFC3 /* rAthenaCommon in Frameworks */,
				353112092E7A90BB0043F263 /* DatabaseCore in Frameworks */,
				3558A3B22DFC22EA0038DFC3 /* rAthenaChar in Frameworks */,
				359152902E7AA0E800BBA7A6 /* GameCore in Frameworks */,
				3558A3B82DFC22EA0038DFC3 /* rAthenaMap in Frameworks */,
				3558A3BB2DFC22EA0038DFC3 /* rAthenaWeb in Frameworks */,
				3522886D2E8146E1002B9466 /* GameView in Frameworks */,
				3558A3AC2DFBECDB0038DFC3 /* rAthenaResources in Frameworks */,
				353725ED2D83FDF2008590F6 /* Highlight in Frameworks */,
			);
			runOnlyForDeploymentPostprocessing = 0;
		};
/* End PBXFrameworksBuildPhase section */

/* Begin PBXGroup section */
		351EE2F32C06F7A90012BC9E /* Frameworks */ = {
			isa = PBXGroup;
			children = (
				359915442E0EA35500D94655 /* QuickLookThumbnailing.framework */,
			);
			name = Frameworks;
			sourceTree = "<group>";
		};
		35B3B8CB2A08BEA600B4540B = {
			isa = PBXGroup;
			children = (
				3562C2F12EA9328D007BBA7B /* Configurations */,
				35063E9F2E0E18B3003039B0 /* RagnarokOffline */,
				3558A3C22DFC25AD0038DFC3 /* RagnarokOfflineTests */,
				359915462E0EA35500D94655 /* RagnarokOfflineThumbnailExtension */,
				35DCADA82E77D71000CA1988 /* Packages */,
				35B3B8D52A08BEA600B4540B /* Products */,
				351EE2F32C06F7A90012BC9E /* Frameworks */,
			);
			sourceTree = "<group>";
		};
		35B3B8D52A08BEA600B4540B /* Products */ = {
			isa = PBXGroup;
			children = (
				35B3B8D42A08BEA600B4540B /* RagnarokOffline.app */,
				3558A3C12DFC25AD0038DFC3 /* RagnarokOfflineTests.xctest */,
				359915432E0EA35500D94655 /* RagnarokOfflineThumbnailExtension.appex */,
			);
			name = Products;
			sourceTree = "<group>";
		};
/* End PBXGroup section */

/* Begin PBXNativeTarget section */
		3558A3C02DFC25AD0038DFC3 /* RagnarokOfflineTests */ = {
			isa = PBXNativeTarget;
			buildConfigurationList = 3558A3C72DFC25AE0038DFC3 /* Build configuration list for PBXNativeTarget "RagnarokOfflineTests" */;
			buildPhases = (
				3558A3BD2DFC25AD0038DFC3 /* Sources */,
				3558A3BE2DFC25AD0038DFC3 /* Frameworks */,
				3558A3BF2DFC25AD0038DFC3 /* Resources */,
				3558A3DE2DFC28410038DFC3 /* Embed Frameworks */,
			);
			buildRules = (
			);
			dependencies = (
				3558A3C62DFC25AE0038DFC3 /* PBXTargetDependency */,
			);
			fileSystemSynchronizedGroups = (
				3558A3C22DFC25AD0038DFC3 /* RagnarokOfflineTests */,
			);
			name = RagnarokOfflineTests;
			packageProductDependencies = (
				3558A3D02DFC28410038DFC3 /* rAthenaChar */,
				3558A3D32DFC28410038DFC3 /* rAthenaLogin */,
				3558A3D62DFC28410038DFC3 /* rAthenaMap */,
				3558A3D92DFC28410038DFC3 /* rAthenaResources */,
				3558A3DB2DFC28410038DFC3 /* rAthenaWeb */,
				3558A3DF2DFC288D0038DFC3 /* rAthenaCommon */,
			);
			productName = RagnarokOfflineTests;
			productReference = 3558A3C12DFC25AD0038DFC3 /* RagnarokOfflineTests.xctest */;
			productType = "com.apple.product-type.bundle.unit-test";
		};
		359915422E0EA35500D94655 /* RagnarokOfflineThumbnailExtension */ = {
			isa = PBXNativeTarget;
			buildConfigurationList = 359915502E0EA35500D94655 /* Build configuration list for PBXNativeTarget "RagnarokOfflineThumbnailExtension" */;
			buildPhases = (
				3599153F2E0EA35500D94655 /* Sources */,
				359915402E0EA35500D94655 /* Frameworks */,
				359915412E0EA35500D94655 /* Resources */,
			);
			buildRules = (
			);
			dependencies = (
			);
			fileSystemSynchronizedGroups = (
				359915462E0EA35500D94655 /* RagnarokOfflineThumbnailExtension */,
			);
			name = RagnarokOfflineThumbnailExtension;
			packageProductDependencies = (
				35EDF07E2E79383F00569C38 /* FileFormats */,
			);
			productName = RagnarokOfflineThumbnailExtension;
			productReference = 359915432E0EA35500D94655 /* RagnarokOfflineThumbnailExtension.appex */;
			productType = "com.apple.product-type.app-extension";
		};
		35B3B8D32A08BEA600B4540B /* RagnarokOffline */ = {
			isa = PBXNativeTarget;
			buildConfigurationList = 35B3B8F82A08BEA700B4540B /* Build configuration list for PBXNativeTarget "RagnarokOffline" */;
			buildPhases = (
				35B3B8D02A08BEA600B4540B /* Sources */,
				35B3B8D12A08BEA600B4540B /* Frameworks */,
				35B3B8D22A08BEA600B4540B /* Resources */,
				35B3BA442A08C74700B4540B /* Embed Frameworks */,
				3599154D2E0EA35500D94655 /* Embed Foundation Extensions */,
			);
			buildRules = (
			);
			dependencies = (
				3599154B2E0EA35500D94655 /* PBXTargetDependency */,
			);
			fileSystemSynchronizedGroups = (
				35063E9F2E0E18B3003039B0 /* RagnarokOffline */,
				3562C2F12EA9328D007BBA7B /* Configurations */,
				35DCADA82E77D71000CA1988 /* Packages */,
			);
			name = RagnarokOffline;
			packageProductDependencies = (
				353725EC2D83FDF2008590F6 /* Highlight */,
				3558A3AB2DFBECDB0038DFC3 /* rAthenaResources */,
				3558A3B12DFC22EA0038DFC3 /* rAthenaChar */,
				3558A3B42DFC22EA0038DFC3 /* rAthenaLogin */,
				3558A3B72DFC22EA0038DFC3 /* rAthenaMap */,
				3558A3BA2DFC22EA0038DFC3 /* rAthenaWeb */,
				3558A3E12DFC28960038DFC3 /* rAthenaCommon */,
				353112082E7A90BB0043F263 /* DatabaseCore */,
				3591528F2E7AA0E800BBA7A6 /* GameCore */,
				3522886C2E8146E1002B9466 /* GameView */,
			);
			productName = RagnarokOffline;
			productReference = 35B3B8D42A08BEA600B4540B /* RagnarokOffline.app */;
			productType = "com.apple.product-type.application";
		};
/* End PBXNativeTarget section */

/* Begin PBXProject section */
		35B3B8CC2A08BEA600B4540B /* Project object */ = {
			isa = PBXProject;
			attributes = {
				BuildIndependentTargetsInParallel = 1;
				LastSwiftUpdateCheck = 1640;
				LastUpgradeCheck = 1510;
				ORGANIZATIONNAME = "";
				TargetAttributes = {
					3558A3C02DFC25AD0038DFC3 = {
						CreatedOnToolsVersion = 16.4;
						TestTargetID = 35B3B8D32A08BEA600B4540B;
					};
					359915422E0EA35500D94655 = {
						CreatedOnToolsVersion = 16.4;
					};
					35B3B8D32A08BEA600B4540B = {
						CreatedOnToolsVersion = 14.3;
					};
				};
			};
			buildConfigurationList = 35B3B8CF2A08BEA600B4540B /* Build configuration list for PBXProject "RagnarokOffline" */;
			compatibilityVersion = "Xcode 14.0";
			developmentRegion = en;
			hasScannedForEncodings = 0;
			knownRegions = (
				en,
				Base,
				"zh-Hans",
				"zh-Hant",
				fr,
				id,
				de,
				ko,
				ja,
				"pt-BR",
				th,
				tr,
				ru,
				es,
				it,
			);
			mainGroup = 35B3B8CB2A08BEA600B4540B;
			packageReferences = (
				353725EB2D83FDF2008590F6 /* XCRemoteSwiftPackageReference "swift-highlight" */,
				3558A3AA2DFBECDB0038DFC3 /* XCLocalSwiftPackageReference "swift-rathena" */,
			);
			productRefGroup = 35B3B8D52A08BEA600B4540B /* Products */;
			projectDirPath = "";
			projectRoot = "";
			targets = (
				35B3B8D32A08BEA600B4540B /* RagnarokOffline */,
				3558A3C02DFC25AD0038DFC3 /* RagnarokOfflineTests */,
				359915422E0EA35500D94655 /* RagnarokOfflineThumbnailExtension */,
			);
		};
/* End PBXProject section */

/* Begin PBXResourcesBuildPhase section */
		3558A3BF2DFC25AD0038DFC3 /* Resources */ = {
			isa = PBXResourcesBuildPhase;
			buildActionMask = 2147483647;
			files = (
			);
			runOnlyForDeploymentPostprocessing = 0;
		};
		359915412E0EA35500D94655 /* Resources */ = {
			isa = PBXResourcesBuildPhase;
			buildActionMask = 2147483647;
			files = (
			);
			runOnlyForDeploymentPostprocessing = 0;
		};
		35B3B8D22A08BEA600B4540B /* Resources */ = {
			isa = PBXResourcesBuildPhase;
			buildActionMask = 2147483647;
			files = (
			);
			runOnlyForDeploymentPostprocessing = 0;
		};
/* End PBXResourcesBuildPhase section */

/* Begin PBXSourcesBuildPhase section */
		3558A3BD2DFC25AD0038DFC3 /* Sources */ = {
			isa = PBXSourcesBuildPhase;
			buildActionMask = 2147483647;
			files = (
			);
			runOnlyForDeploymentPostprocessing = 0;
		};
		3599153F2E0EA35500D94655 /* Sources */ = {
			isa = PBXSourcesBuildPhase;
			buildActionMask = 2147483647;
			files = (
			);
			runOnlyForDeploymentPostprocessing = 0;
		};
		35B3B8D02A08BEA600B4540B /* Sources */ = {
			isa = PBXSourcesBuildPhase;
			buildActionMask = 2147483647;
			files = (
			);
			runOnlyForDeploymentPostprocessing = 0;
		};
/* End PBXSourcesBuildPhase section */

/* Begin PBXTargetDependency section */
		3558A3C62DFC25AE0038DFC3 /* PBXTargetDependency */ = {
			isa = PBXTargetDependency;
			target = 35B3B8D32A08BEA600B4540B /* RagnarokOffline */;
			targetProxy = 3558A3C52DFC25AE0038DFC3 /* PBXContainerItemProxy */;
		};
		3599154B2E0EA35500D94655 /* PBXTargetDependency */ = {
			isa = PBXTargetDependency;
			target = 359915422E0EA35500D94655 /* RagnarokOfflineThumbnailExtension */;
			targetProxy = 3599154A2E0EA35500D94655 /* PBXContainerItemProxy */;
		};
/* End PBXTargetDependency section */

/* Begin XCBuildConfiguration section */
		3558A3C82DFC25AE0038DFC3 /* Debug */ = {
			isa = XCBuildConfiguration;
			buildSettings = {
				ASSETCATALOG_COMPILER_GENERATE_SWIFT_ASSET_SYMBOL_EXTENSIONS = YES;
				BUNDLE_LOADER = "$(TEST_HOST)";
				CODE_SIGN_STYLE = Automatic;
				CURRENT_PROJECT_VERSION = 1;
				DEVELOPMENT_TEAM = GG76KD534U;
				ENABLE_USER_SCRIPT_SANDBOXING = YES;
				GCC_C_LANGUAGE_STANDARD = gnu17;
				GENERATE_INFOPLIST_FILE = YES;
				IPHONEOS_DEPLOYMENT_TARGET = 18.0;
				LOCALIZATION_PREFERS_STRING_CATALOGS = YES;
				MACOSX_DEPLOYMENT_TARGET = 15.0;
				MARKETING_VERSION = 1.0;
				PRODUCT_BUNDLE_IDENTIFIER = "com.github.arkadeleon.ragnarok-offline-tests";
				PRODUCT_NAME = "$(TARGET_NAME)";
				SDKROOT = auto;
				SUPPORTED_PLATFORMS = "iphoneos iphonesimulator macosx xros xrsimulator";
				SWIFT_ACTIVE_COMPILATION_CONDITIONS = "DEBUG $(inherited)";
				SWIFT_EMIT_LOC_STRINGS = NO;
				SWIFT_UPCOMING_FEATURE_EXISTENTIAL_ANY = YES;
				SWIFT_VERSION = 6.0;
				TARGETED_DEVICE_FAMILY = "1,2,7";
				TEST_HOST = "$(BUILT_PRODUCTS_DIR)/RagnarokOffline.app/$(BUNDLE_EXECUTABLE_FOLDER_PATH)/RagnarokOffline";
				XROS_DEPLOYMENT_TARGET = 2.0;
			};
			name = Debug;
		};
		3558A3C92DFC25AE0038DFC3 /* Release */ = {
			isa = XCBuildConfiguration;
			buildSettings = {
				ASSETCATALOG_COMPILER_GENERATE_SWIFT_ASSET_SYMBOL_EXTENSIONS = YES;
				BUNDLE_LOADER = "$(TEST_HOST)";
				CODE_SIGN_STYLE = Automatic;
				CURRENT_PROJECT_VERSION = 1;
				DEVELOPMENT_TEAM = GG76KD534U;
				ENABLE_USER_SCRIPT_SANDBOXING = YES;
				GCC_C_LANGUAGE_STANDARD = gnu17;
				GENERATE_INFOPLIST_FILE = YES;
				IPHONEOS_DEPLOYMENT_TARGET = 18.0;
				LOCALIZATION_PREFERS_STRING_CATALOGS = YES;
				MACOSX_DEPLOYMENT_TARGET = 15.0;
				MARKETING_VERSION = 1.0;
				PRODUCT_BUNDLE_IDENTIFIER = "com.github.arkadeleon.ragnarok-offline-tests";
				PRODUCT_NAME = "$(TARGET_NAME)";
				SDKROOT = auto;
				SUPPORTED_PLATFORMS = "iphoneos iphonesimulator macosx xros xrsimulator";
				SWIFT_EMIT_LOC_STRINGS = NO;
				SWIFT_UPCOMING_FEATURE_EXISTENTIAL_ANY = YES;
				SWIFT_VERSION = 6.0;
				TARGETED_DEVICE_FAMILY = "1,2,7";
				TEST_HOST = "$(BUILT_PRODUCTS_DIR)/RagnarokOffline.app/$(BUNDLE_EXECUTABLE_FOLDER_PATH)/RagnarokOffline";
				XROS_DEPLOYMENT_TARGET = 2.0;
			};
			name = Release;
		};
		3599154E2E0EA35500D94655 /* Debug */ = {
			isa = XCBuildConfiguration;
			buildSettings = {
				ASSETCATALOG_COMPILER_GENERATE_SWIFT_ASSET_SYMBOL_EXTENSIONS = YES;
				CODE_SIGN_ENTITLEMENTS = RagnarokOfflineThumbnailExtension/RagnarokOfflineThumbnailExtension.entitlements;
				CODE_SIGN_STYLE = Automatic;
				DEVELOPMENT_TEAM = GG76KD534U;
				ENABLE_USER_SCRIPT_SANDBOXING = YES;
				GCC_C_LANGUAGE_STANDARD = gnu17;
				GENERATE_INFOPLIST_FILE = YES;
				INFOPLIST_FILE = RagnarokOfflineThumbnailExtension/Info.plist;
				INFOPLIST_KEY_CFBundleDisplayName = "Ragnarok Offline Thumbnail Extension";
				INFOPLIST_KEY_NSHumanReadableCopyright = "";
				IPHONEOS_DEPLOYMENT_TARGET = 18.0;
				LD_RUNPATH_SEARCH_PATHS = (
					"$(inherited)",
					"@executable_path/Frameworks",
					"@executable_path/../../Frameworks",
				);
				LOCALIZATION_PREFERS_STRING_CATALOGS = YES;
				MACOSX_DEPLOYMENT_TARGET = 15.0;
				PRODUCT_BUNDLE_IDENTIFIER = "com.github.arkadeleon.ragnarok-offline.thumbnail-extension";
				PRODUCT_NAME = "$(TARGET_NAME)";
				REGISTER_APP_GROUPS = YES;
				SKIP_INSTALL = YES;
				SUPPORTED_PLATFORMS = "iphoneos iphonesimulator macosx xros xrsimulator";
				SUPPORTS_MACCATALYST = NO;
				SUPPORTS_MAC_DESIGNED_FOR_IPHONE_IPAD = NO;
				SUPPORTS_XR_DESIGNED_FOR_IPHONE_IPAD = NO;
				SWIFT_ACTIVE_COMPILATION_CONDITIONS = "DEBUG $(inherited)";
				SWIFT_EMIT_LOC_STRINGS = YES;
				SWIFT_UPCOMING_FEATURE_EXISTENTIAL_ANY = YES;
				SWIFT_VERSION = 6.0;
				TARGETED_DEVICE_FAMILY = "1,2,7";
				XROS_DEPLOYMENT_TARGET = 2.0;
			};
			name = Debug;
		};
		3599154F2E0EA35500D94655 /* Release */ = {
			isa = XCBuildConfiguration;
			buildSettings = {
				ASSETCATALOG_COMPILER_GENERATE_SWIFT_ASSET_SYMBOL_EXTENSIONS = YES;
				CODE_SIGN_ENTITLEMENTS = RagnarokOfflineThumbnailExtension/RagnarokOfflineThumbnailExtension.entitlements;
				CODE_SIGN_STYLE = Automatic;
				DEVELOPMENT_TEAM = GG76KD534U;
				ENABLE_USER_SCRIPT_SANDBOXING = YES;
				GCC_C_LANGUAGE_STANDARD = gnu17;
				GENERATE_INFOPLIST_FILE = YES;
				INFOPLIST_FILE = RagnarokOfflineThumbnailExtension/Info.plist;
				INFOPLIST_KEY_CFBundleDisplayName = "Ragnarok Offline Thumbnail Extension";
				INFOPLIST_KEY_NSHumanReadableCopyright = "";
				IPHONEOS_DEPLOYMENT_TARGET = 18.0;
				LD_RUNPATH_SEARCH_PATHS = (
					"$(inherited)",
					"@executable_path/Frameworks",
					"@executable_path/../../Frameworks",
				);
				LOCALIZATION_PREFERS_STRING_CATALOGS = YES;
				MACOSX_DEPLOYMENT_TARGET = 15.0;
				PRODUCT_BUNDLE_IDENTIFIER = "com.github.arkadeleon.ragnarok-offline.thumbnail-extension";
				PRODUCT_NAME = "$(TARGET_NAME)";
				REGISTER_APP_GROUPS = YES;
				SKIP_INSTALL = YES;
				SUPPORTED_PLATFORMS = "iphoneos iphonesimulator macosx xros xrsimulator";
				SUPPORTS_MACCATALYST = NO;
				SUPPORTS_MAC_DESIGNED_FOR_IPHONE_IPAD = NO;
				SUPPORTS_XR_DESIGNED_FOR_IPHONE_IPAD = NO;
				SWIFT_EMIT_LOC_STRINGS = YES;
				SWIFT_UPCOMING_FEATURE_EXISTENTIAL_ANY = YES;
				SWIFT_VERSION = 6.0;
				TARGETED_DEVICE_FAMILY = "1,2,7";
				XROS_DEPLOYMENT_TARGET = 2.0;
			};
			name = Release;
		};
		35B3B8F62A08BEA700B4540B /* Debug */ = {
			isa = XCBuildConfiguration;
			baseConfigurationReferenceAnchor = 3562C2F12EA9328D007BBA7B /* Configurations */;
			baseConfigurationReferenceRelativePath = Development.xcconfig;
			buildSettings = {
				ALWAYS_SEARCH_USER_PATHS = NO;
				CLANG_ANALYZER_NONNULL = YES;
				CLANG_ANALYZER_NUMBER_OBJECT_CONVERSION = YES_AGGRESSIVE;
				CLANG_CXX_LANGUAGE_STANDARD = "gnu++20";
				CLANG_ENABLE_MODULES = YES;
				CLANG_ENABLE_OBJC_ARC = YES;
				CLANG_ENABLE_OBJC_WEAK = YES;
				CLANG_WARN_BLOCK_CAPTURE_AUTORELEASING = YES;
				CLANG_WARN_BOOL_CONVERSION = YES;
				CLANG_WARN_COMMA = YES;
				CLANG_WARN_CONSTANT_CONVERSION = YES;
				CLANG_WARN_DEPRECATED_OBJC_IMPLEMENTATIONS = YES;
				CLANG_WARN_DIRECT_OBJC_ISA_USAGE = YES_ERROR;
				CLANG_WARN_DOCUMENTATION_COMMENTS = YES;
				CLANG_WARN_EMPTY_BODY = YES;
				CLANG_WARN_ENUM_CONVERSION = YES;
				CLANG_WARN_INFINITE_RECURSION = YES;
				CLANG_WARN_INT_CONVERSION = YES;
				CLANG_WARN_NON_LITERAL_NULL_CONVERSION = YES;
				CLANG_WARN_OBJC_IMPLICIT_RETAIN_SELF = YES;
				CLANG_WARN_OBJC_LITERAL_CONVERSION = YES;
				CLANG_WARN_OBJC_ROOT_CLASS = YES_ERROR;
				CLANG_WARN_QUOTED_INCLUDE_IN_FRAMEWORK_HEADER = YES;
				CLANG_WARN_RANGE_LOOP_ANALYSIS = YES;
				CLANG_WARN_STRICT_PROTOTYPES = YES;
				CLANG_WARN_SUSPICIOUS_MOVE = YES;
				CLANG_WARN_UNGUARDED_AVAILABILITY = YES_AGGRESSIVE;
				CLANG_WARN_UNREACHABLE_CODE = YES;
				CLANG_WARN__DUPLICATE_METHOD_MATCH = YES;
				COPY_PHASE_STRIP = NO;
				DEBUG_INFORMATION_FORMAT = dwarf;
				ENABLE_STRICT_OBJC_MSGSEND = YES;
				ENABLE_TESTABILITY = YES;
				GCC_C_LANGUAGE_STANDARD = gnu11;
				GCC_DYNAMIC_NO_PIC = NO;
				GCC_NO_COMMON_BLOCKS = YES;
				GCC_OPTIMIZATION_LEVEL = 0;
				GCC_PREPROCESSOR_DEFINITIONS = (
					"DEBUG=1",
					"$(inherited)",
				);
				GCC_WARN_64_TO_32_BIT_CONVERSION = YES;
				GCC_WARN_ABOUT_RETURN_TYPE = YES_ERROR;
				GCC_WARN_UNDECLARED_SELECTOR = YES;
				GCC_WARN_UNINITIALIZED_AUTOS = YES_AGGRESSIVE;
				GCC_WARN_UNUSED_FUNCTION = YES;
				GCC_WARN_UNUSED_VARIABLE = YES;
				IPHONEOS_DEPLOYMENT_TARGET = 17.0;
				MTL_ENABLE_DEBUG_INFO = INCLUDE_SOURCE;
				MTL_FAST_MATH = YES;
				ONLY_ACTIVE_ARCH = YES;
				SDKROOT = iphoneos;
				SWIFT_ACTIVE_COMPILATION_CONDITIONS = DEBUG;
				SWIFT_EMIT_LOC_STRINGS = YES;
				SWIFT_OPTIMIZATION_LEVEL = "-Onone";
				XROS_DEPLOYMENT_TARGET = 1.0;
			};
			name = Debug;
		};
		35B3B8F72A08BEA700B4540B /* Release */ = {
			isa = XCBuildConfiguration;
			baseConfigurationReferenceAnchor = 3562C2F12EA9328D007BBA7B /* Configurations */;
			baseConfigurationReferenceRelativePath = AppStore.xcconfig;
			buildSettings = {
				ALWAYS_SEARCH_USER_PATHS = NO;
				CLANG_ANALYZER_NONNULL = YES;
				CLANG_ANALYZER_NUMBER_OBJECT_CONVERSION = YES_AGGRESSIVE;
				CLANG_CXX_LANGUAGE_STANDARD = "gnu++20";
				CLANG_ENABLE_MODULES = YES;
				CLANG_ENABLE_OBJC_ARC = YES;
				CLANG_ENABLE_OBJC_WEAK = YES;
				CLANG_WARN_BLOCK_CAPTURE_AUTORELEASING = YES;
				CLANG_WARN_BOOL_CONVERSION = YES;
				CLANG_WARN_COMMA = YES;
				CLANG_WARN_CONSTANT_CONVERSION = YES;
				CLANG_WARN_DEPRECATED_OBJC_IMPLEMENTATIONS = YES;
				CLANG_WARN_DIRECT_OBJC_ISA_USAGE = YES_ERROR;
				CLANG_WARN_DOCUMENTATION_COMMENTS = YES;
				CLANG_WARN_EMPTY_BODY = YES;
				CLANG_WARN_ENUM_CONVERSION = YES;
				CLANG_WARN_INFINITE_RECURSION = YES;
				CLANG_WARN_INT_CONVERSION = YES;
				CLANG_WARN_NON_LITERAL_NULL_CONVERSION = YES;
				CLANG_WARN_OBJC_IMPLICIT_RETAIN_SELF = YES;
				CLANG_WARN_OBJC_LITERAL_CONVERSION = YES;
				CLANG_WARN_OBJC_ROOT_CLASS = YES_ERROR;
				CLANG_WARN_QUOTED_INCLUDE_IN_FRAMEWORK_HEADER = YES;
				CLANG_WARN_RANGE_LOOP_ANALYSIS = YES;
				CLANG_WARN_STRICT_PROTOTYPES = YES;
				CLANG_WARN_SUSPICIOUS_MOVE = YES;
				CLANG_WARN_UNGUARDED_AVAILABILITY = YES_AGGRESSIVE;
				CLANG_WARN_UNREACHABLE_CODE = YES;
				CLANG_WARN__DUPLICATE_METHOD_MATCH = YES;
				COPY_PHASE_STRIP = NO;
				DEBUG_INFORMATION_FORMAT = "dwarf-with-dsym";
				ENABLE_NS_ASSERTIONS = NO;
				ENABLE_STRICT_OBJC_MSGSEND = YES;
				GCC_C_LANGUAGE_STANDARD = gnu11;
				GCC_NO_COMMON_BLOCKS = YES;
				GCC_WARN_64_TO_32_BIT_CONVERSION = YES;
				GCC_WARN_ABOUT_RETURN_TYPE = YES_ERROR;
				GCC_WARN_UNDECLARED_SELECTOR = YES;
				GCC_WARN_UNINITIALIZED_AUTOS = YES_AGGRESSIVE;
				GCC_WARN_UNUSED_FUNCTION = YES;
				GCC_WARN_UNUSED_VARIABLE = YES;
				IPHONEOS_DEPLOYMENT_TARGET = 17.0;
				MTL_ENABLE_DEBUG_INFO = NO;
				MTL_FAST_MATH = YES;
				SDKROOT = iphoneos;
				SWIFT_COMPILATION_MODE = wholemodule;
				SWIFT_EMIT_LOC_STRINGS = YES;
				SWIFT_OPTIMIZATION_LEVEL = "-O";
				VALIDATE_PRODUCT = YES;
				XROS_DEPLOYMENT_TARGET = 1.0;
			};
			name = Release;
		};
		35B3B8F92A08BEA700B4540B /* Debug */ = {
			isa = XCBuildConfiguration;
			buildSettings = {
				ASSETCATALOG_COMPILER_APPICON_NAME = RagnarokOfflineIcon;
				ASSETCATALOG_COMPILER_GLOBAL_ACCENT_COLOR_NAME = AccentColor;
				CODE_SIGN_ENTITLEMENTS = RagnarokOffline/RagnarokOffline.entitlements;
				CODE_SIGN_STYLE = Automatic;
				DEVELOPMENT_TEAM = GG76KD534U;
				ENABLE_PREVIEWS = YES;
				GENERATE_INFOPLIST_FILE = YES;
				INFOPLIST_FILE = RagnarokOffline/Info.plist;
				INFOPLIST_KEY_LSApplicationCategoryType = "public.app-category.utilities";
				INFOPLIST_KEY_UIApplicationSceneManifest_Generation = YES;
				INFOPLIST_KEY_UIApplicationSupportsIndirectInputEvents = YES;
				INFOPLIST_KEY_UILaunchScreen_Generation = YES;
				INFOPLIST_KEY_UISupportedInterfaceOrientations = "UIInterfaceOrientationLandscapeLeft UIInterfaceOrientationLandscapeRight UIInterfaceOrientationPortrait";
				INFOPLIST_KEY_UISupportedInterfaceOrientations_iPad = "UIInterfaceOrientationLandscapeLeft UIInterfaceOrientationLandscapeRight UIInterfaceOrientationPortrait UIInterfaceOrientationPortraitUpsideDown";
				INFOPLIST_KEY_UISupportsDocumentBrowser = YES;
				IPHONEOS_DEPLOYMENT_TARGET = 18.0;
				LD_RUNPATH_SEARCH_PATHS = (
					"$(inherited)",
					"@executable_path/Frameworks",
				);
				MACOSX_DEPLOYMENT_TARGET = 15.0;
				PRODUCT_BUNDLE_IDENTIFIER = "com.github.arkadeleon.ragnarok-offline";
				PRODUCT_NAME = "$(TARGET_NAME)";
				REGISTER_APP_GROUPS = NO;
				SUPPORTED_PLATFORMS = "iphoneos iphonesimulator macosx xros xrsimulator";
				SUPPORTS_MACCATALYST = NO;
				SUPPORTS_MAC_DESIGNED_FOR_IPHONE_IPAD = NO;
				SUPPORTS_XR_DESIGNED_FOR_IPHONE_IPAD = NO;
				SWIFT_EMIT_LOC_STRINGS = YES;
				SWIFT_UPCOMING_FEATURE_EXISTENTIAL_ANY = YES;
				SWIFT_VERSION = 6.0;
				TARGETED_DEVICE_FAMILY = "1,2,7";
				XROS_DEPLOYMENT_TARGET = 2.0;
			};
			name = Debug;
		};
		35B3B8FA2A08BEA700B4540B /* Release */ = {
			isa = XCBuildConfiguration;
			buildSettings = {
				ASSETCATALOG_COMPILER_APPICON_NAME = RagnarokOfflineIcon;
				ASSETCATALOG_COMPILER_GLOBAL_ACCENT_COLOR_NAME = AccentColor;
				CODE_SIGN_ENTITLEMENTS = RagnarokOffline/RagnarokOffline.entitlements;
				CODE_SIGN_STYLE = Automatic;
				DEVELOPMENT_TEAM = GG76KD534U;
				ENABLE_PREVIEWS = YES;
				GENERATE_INFOPLIST_FILE = YES;
				INFOPLIST_FILE = RagnarokOffline/Info.plist;
				INFOPLIST_KEY_LSApplicationCategoryType = "public.app-category.utilities";
				INFOPLIST_KEY_UIApplicationSceneManifest_Generation = YES;
				INFOPLIST_KEY_UIApplicationSupportsIndirectInputEvents = YES;
				INFOPLIST_KEY_UILaunchScreen_Generation = YES;
				INFOPLIST_KEY_UISupportedInterfaceOrientations = "UIInterfaceOrientationLandscapeLeft UIInterfaceOrientationLandscapeRight UIInterfaceOrientationPortrait";
				INFOPLIST_KEY_UISupportedInterfaceOrientations_iPad = "UIInterfaceOrientationLandscapeLeft UIInterfaceOrientationLandscapeRight UIInterfaceOrientationPortrait UIInterfaceOrientationPortraitUpsideDown";
				INFOPLIST_KEY_UISupportsDocumentBrowser = YES;
				IPHONEOS_DEPLOYMENT_TARGET = 18.0;
				LD_RUNPATH_SEARCH_PATHS = (
					"$(inherited)",
					"@executable_path/Frameworks",
				);
				MACOSX_DEPLOYMENT_TARGET = 15.0;
				PRODUCT_BUNDLE_IDENTIFIER = "com.github.arkadeleon.ragnarok-offline";
				PRODUCT_NAME = "$(TARGET_NAME)";
				REGISTER_APP_GROUPS = NO;
				SUPPORTED_PLATFORMS = "iphoneos iphonesimulator macosx xros xrsimulator";
				SUPPORTS_MACCATALYST = NO;
				SUPPORTS_MAC_DESIGNED_FOR_IPHONE_IPAD = NO;
				SUPPORTS_XR_DESIGNED_FOR_IPHONE_IPAD = NO;
				SWIFT_EMIT_LOC_STRINGS = YES;
				SWIFT_UPCOMING_FEATURE_EXISTENTIAL_ANY = YES;
				SWIFT_VERSION = 6.0;
				TARGETED_DEVICE_FAMILY = "1,2,7";
				XROS_DEPLOYMENT_TARGET = 2.0;
			};
			name = Release;
		};
/* End XCBuildConfiguration section */

/* Begin XCConfigurationList section */
		3558A3C72DFC25AE0038DFC3 /* Build configuration list for PBXNativeTarget "RagnarokOfflineTests" */ = {
			isa = XCConfigurationList;
			buildConfigurations = (
				3558A3C82DFC25AE0038DFC3 /* Debug */,
				3558A3C92DFC25AE0038DFC3 /* Release */,
			);
			defaultConfigurationIsVisible = 0;
			defaultConfigurationName = Release;
		};
		359915502E0EA35500D94655 /* Build configuration list for PBXNativeTarget "RagnarokOfflineThumbnailExtension" */ = {
			isa = XCConfigurationList;
			buildConfigurations = (
				3599154E2E0EA35500D94655 /* Debug */,
				3599154F2E0EA35500D94655 /* Release */,
			);
			defaultConfigurationIsVisible = 0;
			defaultConfigurationName = Release;
		};
		35B3B8CF2A08BEA600B4540B /* Build configuration list for PBXProject "RagnarokOffline" */ = {
			isa = XCConfigurationList;
			buildConfigurations = (
				35B3B8F62A08BEA700B4540B /* Debug */,
				35B3B8F72A08BEA700B4540B /* Release */,
			);
			defaultConfigurationIsVisible = 0;
			defaultConfigurationName = Release;
		};
		35B3B8F82A08BEA700B4540B /* Build configuration list for PBXNativeTarget "RagnarokOffline" */ = {
			isa = XCConfigurationList;
			buildConfigurations = (
				35B3B8F92A08BEA700B4540B /* Debug */,
				35B3B8FA2A08BEA700B4540B /* Release */,
			);
			defaultConfigurationIsVisible = 0;
			defaultConfigurationName = Release;
		};
/* End XCConfigurationList section */

/* Begin XCLocalSwiftPackageReference section */
		3558A3AA2DFBECDB0038DFC3 /* XCLocalSwiftPackageReference "swift-rathena" */ = {
			isa = XCLocalSwiftPackageReference;
			relativePath = "swift-rathena";
		};
/* End XCLocalSwiftPackageReference section */

/* Begin XCRemoteSwiftPackageReference section */
		353725EB2D83FDF2008590F6 /* XCRemoteSwiftPackageReference "swift-highlight" */ = {
			isa = XCRemoteSwiftPackageReference;
			repositoryURL = "https://github.com/arkadeleon/swift-highlight.git";
			requirement = {
				branch = master;
				kind = branch;
			};
		};
/* End XCRemoteSwiftPackageReference section */

/* Begin XCSwiftPackageProductDependency section */
		3522886C2E8146E1002B9466 /* GameView */ = {
			isa = XCSwiftPackageProductDependency;
			productName = GameView;
		};
		353112082E7A90BB0043F263 /* DatabaseCore */ = {
			isa = XCSwiftPackageProductDependency;
			productName = DatabaseCore;
		};
		353725EC2D83FDF2008590F6 /* Highlight */ = {
			isa = XCSwiftPackageProductDependency;
			package = 353725EB2D83FDF2008590F6 /* XCRemoteSwiftPackageReference "swift-highlight" */;
			productName = Highlight;
		};
		3558A3AB2DFBECDB0038DFC3 /* rAthenaResources */ = {
			isa = XCSwiftPackageProductDependency;
			productName = rAthenaResources;
		};
		3558A3B12DFC22EA0038DFC3 /* rAthenaChar */ = {
			isa = XCSwiftPackageProductDependency;
			package = 3558A3AA2DFBECDB0038DFC3 /* XCLocalSwiftPackageReference "swift-rathena" */;
			productName = rAthenaChar;
		};
		3558A3B42DFC22EA0038DFC3 /* rAthenaLogin */ = {
			isa = XCSwiftPackageProductDependency;
			package = 3558A3AA2DFBECDB0038DFC3 /* XCLocalSwiftPackageReference "swift-rathena" */;
			productName = rAthenaLogin;
		};
		3558A3B72DFC22EA0038DFC3 /* rAthenaMap */ = {
			isa = XCSwiftPackageProductDependency;
			package = 3558A3AA2DFBECDB0038DFC3 /* XCLocalSwiftPackageReference "swift-rathena" */;
			productName = rAthenaMap;
		};
		3558A3BA2DFC22EA0038DFC3 /* rAthenaWeb */ = {
			isa = XCSwiftPackageProductDependency;
			package = 3558A3AA2DFBECDB0038DFC3 /* XCLocalSwiftPackageReference "swift-rathena" */;
			productName = rAthenaWeb;
		};
		3558A3D02DFC28410038DFC3 /* rAthenaChar */ = {
			isa = XCSwiftPackageProductDependency;
			package = 3558A3AA2DFBECDB0038DFC3 /* XCLocalSwiftPackageReference "swift-rathena" */;
			productName = rAthenaChar;
		};
		3558A3D32DFC28410038DFC3 /* rAthenaLogin */ = {
			isa = XCSwiftPackageProductDependency;
			package = 3558A3AA2DFBECDB0038DFC3 /* XCLocalSwiftPackageReference "swift-rathena" */;
			productName = rAthenaLogin;
		};
		3558A3D62DFC28410038DFC3 /* rAthenaMap */ = {
			isa = XCSwiftPackageProductDependency;
			package = 3558A3AA2DFBECDB0038DFC3 /* XCLocalSwiftPackageReference "swift-rathena" */;
			productName = rAthenaMap;
		};
		3558A3D92DFC28410038DFC3 /* rAthenaResources */ = {
			isa = XCSwiftPackageProductDependency;
			package = 3558A3AA2DFBECDB0038DFC3 /* XCLocalSwiftPackageReference "swift-rathena" */;
			productName = rAthenaResources;
		};
		3558A3DB2DFC28410038DFC3 /* rAthenaWeb */ = {
			isa = XCSwiftPackageProductDependency;
			package = 3558A3AA2DFBECDB0038DFC3 /* XCLocalSwiftPackageReference "swift-rathena" */;
			productName = rAthenaWeb;
		};
		3558A3DF2DFC288D0038DFC3 /* rAthenaCommon */ = {
			isa = XCSwiftPackageProductDependency;
			package = 3558A3AA2DFBECDB0038DFC3 /* XCLocalSwiftPackageReference "swift-rathena" */;
			productName = rAthenaCommon;
		};
		3558A3E12DFC28960038DFC3 /* rAthenaCommon */ = {
			isa = XCSwiftPackageProductDependency;
			package = 3558A3AA2DFBECDB0038DFC3 /* XCLocalSwiftPackageReference "swift-rathena" */;
			productName = rAthenaCommon;
		};
		3591528F2E7AA0E800BBA7A6 /* GameCore */ = {
			isa = XCSwiftPackageProductDependency;
			productName = GameCore;
		};
		35EDF07E2E79383F00569C38 /* FileFormats */ = {
			isa = XCSwiftPackageProductDependency;
			productName = FileFormats;
		};
/* End XCSwiftPackageProductDependency section */
	};
	rootObject = 35B3B8CC2A08BEA600B4540B /* Project object */;
}
