{
  "originHash" : "f54344fcbe4c163eb5e87b7f0781f478c618e8918f7d5623bea74830e25be482",
  "pins" : [
    {
      "identity" : "ragnarok-grf",
      "kind" : "remoteSourceControl",
      "location" : "https://github.com/arkadeleon/ragnarok-grf.git",
      "state" : {
        "branch" : "master",
        "revision" : "d24bfc1e86600dad43627b77ee289e4558f36c1f"
      }
    },
    {
      "identity" : "ragnarok-lua",
      "kind" : "remoteSourceControl",
      "location" : "https://github.com/arkadeleon/ragnarok-lua.git",
      "state" : {
        "branch" : "master",
        "revision" : "bc82609e05f9806d59f698aaf7d014e52db77f2d"
      }
    },
    {
      "identity" : "swift-gzip",
      "kind" : "remoteSourceControl",
      "location" : "https://github.com/mihai8804858/swift-gzip",
      "state" : {
        "branch" : "main",
        "revision" : "97c502f10283dbd80eda534d164b715c9c973d72"
      }
    }
  ],
  "version" : 3
}
