{
  "originHash" : "a458f469d04f6d200d33d49ddaf00e2e1d2bc998320805ed6bd13b69cd97be2d",
  "pins" : [
    {
      "identity" : "swift-lua",
      "kind" : "remoteSourceControl",
      "location" : "https://github.com/arkadeleon/swift-lua.git",
      "state" : {
        "branch" : "master",
        "revision" : "06ee34fc258592f582e8a8fe4562ec2801023efc"
      }
    }
  ],
  "version" : 3
}
