{
  "originHash" : "f70a5815984d4edf856c12b35a52c400df350c1360db4423a1b6ca07d7fc7a26",
  "pins" : [
    {
      "identity" : "swift-gzip",
      "kind" : "remoteSourceControl",
      "location" : "https://github.com/mihai8804858/swift-gzip",
      "state" : {
        "branch" : "main",
        "revision" : "97c502f10283dbd80eda534d164b715c9c973d72"
      }
    }
  ],
  "version" : 3
}
