{
  "object": {
    "pins": [
      {
        "package": "DataCompression",
        "repositoryURL": "https://github.com/mw99/DataCompression",
        "state": {
          "branch": null,
          "revision": "6abb8f3cd0e4b2a33b4927a7a92b6764528f2440",
          "version": "3.6.0"
        }
      },
      {
        "package": "SGLMath",
        "repositoryURL": "https://github.com/SwiftGL/Math.git",
        "state": {
          "branch": null,
          "revision": "8bdd2e542f28828d0c224c1ea8e046c6f652ec40",
          "version": "3.0.0"
        }
      },
      {
        "package": "MBProgressHUD",
        "repositoryURL": "https://github.com/jdg/MBProgressHUD.git",
        "state": {
          "branch": null,
          "revision": "bca42b801100b2b3a4eda0ba8dd33d858c780b0d",
          "version": "1.2.0"
        }
      }
    ]
  },
  "version": 1
}
