{
  "originHash" : "3b349a3b32fa95590790d9b7445a25fd567a33f5df98deca718ca74fdb7823ee",
  "pins" : [
    {
      "identity" : "ragnarok-lua",
      "kind" : "remoteSourceControl",
      "location" : "https://github.com/arkadeleon/ragnarok-lua.git",
      "state" : {
        "branch" : "master",
        "revision" : "4b8774e9999e30c46cb36f950024ebcc89e2de2d"
      }
    }
  ],
  "version" : 3
}
