{
  "originHash" : "cdc5bff1511fd034342040cb71d8430d0fe84a74859a0a69c20793717465f867",
  "pins" : [
    {
      "identity" : "ragnarok-lua",
      "kind" : "remoteSourceControl",
      "location" : "https://github.com/arkadeleon/ragnarok-lua.git",
      "state" : {
        "branch" : "master",
        "revision" : "a43c463e2c20c30561ba4c16592666c63e93268a"
      }
    }
  ],
  "version" : 3
}
