{
  "originHash" : "fcbb8c077aec7c1fdec19ea2e6f8f94c3915ef1f6b442cc6e92b877e32d85a9e",
  "pins" : [
    {
      "identity" : "swift-gzip",
      "kind" : "remoteSourceControl",
      "location" : "https://github.com/mihai8804858/swift-gzip",
      "state" : {
        "branch" : "main",
        "revision" : "97c502f10283dbd80eda534d164b715c9c973d72"
      }
    },
    {
      "identity" : "swift-rapidyaml",
      "kind" : "remoteSourceControl",
      "location" : "https://github.com/arkadeleon/swift-rapidyaml.git",
      "state" : {
        "branch" : "master",
        "revision" : "75396650414fe5a3b8713a5ba9c02af8d878b3c9"
      }
    }
  ],
  "version" : 3
}
