{
  "originHash" : "16342dbd8d8db5846a9e74bf7a6706496edcc16fc5695e61fb7015fdc0923f6e",
  "pins" : [
    {
      "identity" : "swift-rapidyaml",
      "kind" : "remoteSourceControl",
      "location" : "https://github.com/arkadeleon/swift-rapidyaml.git",
      "state" : {
        "branch" : "master",
        "revision" : "de45c5c421b2e549953e8b252ba156c61beaa8f7"
      }
    }
  ],
  "version" : 3
}
