{
  "originHash" : "a3a598c95b07c5271eee17b344de082bbb8bd19fcbe35d66be4630bad722446f",
  "pins" : [
    {
      "identity" : "ragnarok-lua",
      "kind" : "remoteSourceControl",
      "location" : "https://github.com/arkadeleon/ragnarok-lua.git",
      "state" : {
        "branch" : "master",
        "revision" : "bc82609e05f9806d59f698aaf7d014e52db77f2d"
      }
    }
  ],
  "version" : 3
}
