{
  "originHash" : "fd3f41251b6bcb5a4e7e52de1b84e4f8107c3a3ec44169ffa83411545bef6f59",
  "pins" : [
    {
      "identity" : "swift-lua",
      "kind" : "remoteSourceControl",
      "location" : "https://github.com/arkadeleon/swift-lua.git",
      "state" : {
        "branch" : "master",
        "revision" : "06ee34fc258592f582e8a8fe4562ec2801023efc"
      }
    }
  ],
  "version" : 3
}
