{
  "originHash" : "0f21d15d5897b71028e0b2124bbda6fe9259848540837ba94a4a4190d4678756",
  "pins" : [
    {
      "identity" : "ragnarok-lua",
      "kind" : "remoteSourceControl",
      "location" : "https://github.com/arkadeleon/ragnarok-lua.git",
      "state" : {
        "branch" : "master",
        "revision" : "a43c463e2c20c30561ba4c16592666c63e93268a"
      }
    }
  ],
  "version" : 3
}
