{
  "originHash" : "86b1d489cd5e4255f9f674a9488009af036527051bfc90a62625068424876bf0",
  "pins" : [
    {
      "identity" : "ragnarok-grf",
      "kind" : "remoteSourceControl",
      "location" : "https://github.com/arkadeleon/ragnarok-grf.git",
      "state" : {
        "branch" : "master",
        "revision" : "d24bfc1e86600dad43627b77ee289e4558f36c1f"
      }
    },
    {
      "identity" : "ragnarok-lua",
      "kind" : "remoteSourceControl",
      "location" : "https://github.com/arkadeleon/ragnarok-lua.git",
      "state" : {
        "branch" : "master",
        "revision" : "a43c463e2c20c30561ba4c16592666c63e93268a"
      }
    },
    {
      "identity" : "swift-gzip",
      "kind" : "remoteSourceControl",
      "location" : "https://github.com/mihai8804858/swift-gzip",
      "state" : {
        "branch" : "main",
        "revision" : "97c502f10283dbd80eda534d164b715c9c973d72"
      }
    }
  ],
  "version" : 3
}
