{
  "originHash" : "2cd56bef73d85c9562a21152ef7febc875c6adeae9d42638fef2e9c84f807ef2",
  "pins" : [
    {
      "identity" : "swift-lua",
      "kind" : "remoteSourceControl",
      "location" : "https://github.com/arkadeleon/swift-lua.git",
      "state" : {
        "branch" : "master",
        "revision" : "06ee34fc258592f582e8a8fe4562ec2801023efc"
      }
    }
  ],
  "version" : 3
}
