{
  "originHash" : "d095fe062ffcb1f9fc22fafd40df67358c415ed5405e9707498594bf5208434d",
  "pins" : [
    {
      "identity" : "czlib",
      "kind" : "remoteSourceControl",
      "location" : "https://github.com/Kitura/CZlib.git",
      "state" : {
        "branch" : "master",
        "revision" : "e0fcc798170767e687088ce3441d4c04ea573aab"
      }
    },
    {
      "identity" : "swift-gzip",
      "kind" : "remoteSourceControl",
      "location" : "https://github.com/arkadeleon/swift-gzip.git",
      "state" : {
        "branch" : "main",
        "revision" : "601e0da4678ce52ad2aa93a3ca9156bf185252cb"
      }
    },
    {
      "identity" : "swift-rapidyaml",
      "kind" : "remoteSourceControl",
      "location" : "https://github.com/arkadeleon/swift-rapidyaml.git",
      "state" : {
        "branch" : "master",
        "revision" : "158b97c898f6721c5c99ad72c651ea6baa055580"
      }
    }
  ],
  "version" : 3
}
