{
  "originHash" : "4b17a0cda46f5cc31a3df226182dd954a27c33c83317d1f233806f2ab8dcc470",
  "pins" : [
    {
      "identity" : "czlib",
      "kind" : "remoteSourceControl",
      "location" : "https://github.com/Kitura/CZlib.git",
      "state" : {
        "branch" : "master",
        "revision" : "e0fcc798170767e687088ce3441d4c04ea573aab"
      }
    },
    {
      "identity" : "swift-gzip",
      "kind" : "remoteSourceControl",
      "location" : "https://github.com/arkadeleon/swift-gzip.git",
      "state" : {
        "branch" : "main",
        "revision" : "601e0da4678ce52ad2aa93a3ca9156bf185252cb"
      }
    },
    {
      "identity" : "swift-lua",
      "kind" : "remoteSourceControl",
      "location" : "https://github.com/arkadeleon/swift-lua.git",
      "state" : {
        "branch" : "master",
        "revision" : "182567bbe2408383c49afebdb013d1a6e82ec5ff"
      }
    },
    {
      "identity" : "swift-rapidyaml",
      "kind" : "remoteSourceControl",
      "location" : "https://github.com/arkadeleon/swift-rapidyaml.git",
      "state" : {
        "branch" : "master",
        "revision" : "158b97c898f6721c5c99ad72c651ea6baa055580"
      }
    }
  ],
  "version" : 3
}
