{
  "originHash" : "e1ac3356adf30ca7798b2890674c53a9ae51c7d24f2df801b1aa4c44a694f832",
  "pins" : [
    {
      "identity" : "ragnarok-lua",
      "kind" : "remoteSourceControl",
      "location" : "https://github.com/arkadeleon/ragnarok-lua.git",
      "state" : {
        "branch" : "master",
        "revision" : "4b8774e9999e30c46cb36f950024ebcc89e2de2d"
      }
    }
  ],
  "version" : 3
}
