{
  "originHash" : "6d0902f7cb7dd41eb7168b3a0e3e66324cf24053333974130f7f134f718e2347",
  "pins" : [
    {
      "identity" : "ragnarok-lua",
      "kind" : "remoteSourceControl",
      "location" : "https://github.com/arkadeleon/ragnarok-lua.git",
      "state" : {
        "branch" : "master",
        "revision" : "a43c463e2c20c30561ba4c16592666c63e93268a"
      }
    },
    {
      "identity" : "swift-gzip",
      "kind" : "remoteSourceControl",
      "location" : "https://github.com/mihai8804858/swift-gzip",
      "state" : {
        "branch" : "main",
        "revision" : "97c502f10283dbd80eda534d164b715c9c973d72"
      }
    }
  ],
  "version" : 3
}
