{
  "originHash" : "a446def427578e08f04369eaf54603737baa701b6f539e1ff3bb011f41b8efd9",
  "pins" : [
    {
      "identity" : "swift-lua",
      "kind" : "remoteSourceControl",
      "location" : "https://github.com/arkadeleon/swift-lua.git",
      "state" : {
        "branch" : "master",
        "revision" : "06ee34fc258592f582e8a8fe4562ec2801023efc"
      }
    }
  ],
  "version" : 3
}
