{
  "object": {
    "pins": [
      {
        "package": "DataCompression",
        "repositoryURL": "https://github.com/mw99/DataCompression",
        "state": {
          "branch": null,
          "revision": "6abb8f3cd0e4b2a33b4927a7a92b6764528f2440",
          "version": "3.6.0"
        }
      },
      {
        "package": "Highlight",
        "repositoryURL": "https://github.com/arkadeleon/highlight.git",
        "state": {
          "branch": "master",
          "revision": "f8195e21a4654cf944da90fd0779a5798daf5414",
          "version": null
        }
      },
      {
        "package": "SGLMath",
        "repositoryURL": "https://github.com/SwiftGL/Math.git",
        "state": {
          "branch": null,
          "revision": "8bdd2e542f28828d0c224c1ea8e046c6f652ec40",
          "version": "3.0.0"
        }
      }
    ]
  },
  "version": 1
}
